
Microsoft Visual Studio Solution File, Format Version 12.00
# Visual Studio Version 16
VisualStudioVersion = 16.0.30523.141
MinimumVisualStudioVersion = 10.0.40219.1
Project("{FAE04EC0-301F-11D3-BF4B-00C04F79EFBC}") = "TheNextCar", "TheNextCar\TheNextCar.csproj", "{7E9CE429-843F-4419-B057-4ECD3CF8107F}"
EndProject
Global
	GlobalSection(SolutionConfigurationPlatforms) = preSolution
		Debug|Any CPU = Debug|Any CPU
		Release|Any CPU = Release|Any CPU
	EndGlobalSection
	GlobalSection(ProjectConfigurationPlatforms) = postSolution
		{7E9CE429-843F-4419-B057-4ECD3CF8107F}.Debug|Any CPU.ActiveCfg = Debug|Any CPU
		{7E9CE429-843F-4419-B057-4ECD3CF8107F}.Debug|Any CPU.Build.0 = Debug|Any CPU
		{7E9CE429-843F-4419-B057-4ECD3CF8107F}.Release|Any CPU.ActiveCfg = Release|Any CPU
		{7E9CE429-843F-4419-B057-4ECD3CF8107F}.Release|Any CPU.Build.0 = Release|Any CPU
	EndGlobalSection
	GlobalSection(SolutionProperties) = preSolution
		HideSolutionNode = FALSE
	EndGlobalSection
	GlobalSection(ExtensibilityGlobals) = postSolution
		SolutionGuid = {38BB0AE3-6F2B-468F-8F58-47B52E61A9F7}
	EndGlobalSection
EndGlobal
